<?xml version="1.0" encoding="utf-8"?>
<Project ToolsVersion="4.0" xmlns="http://schemas.microsoft.com/developer/msbuild/2003">
  <ItemGroup>
    <Filter Include="Source Files">
      <UniqueIdentifier>{387e212b-30c0-4cf1-b0db-82a042333cee}</UniqueIdentifier>
      <Extensions>cpp;c;cxx;rc;def;r;odl;idl;hpj;bat</Extensions>
    </Filter>
    <Filter Include="Header Files">
      <UniqueIdentifier>{73511acc-a1af-4981-b7b1-d8659751e8ac}</UniqueIdentifier>
      <Extensions>h;hpp;hxx;hm;inl</Extensions>
    </Filter>
    <Filter Include="Resource Files">
      <UniqueIdentifier>{1775c49d-9ce7-4653-886b-e04e3f8efc7c}</UniqueIdentifier>
      <Extensions>ico;cur;bmp;dlg;rc2;rct;bin;rgs;gif;jpg;jpeg;jpe</Extensions>
    </Filter>
    <Filter Include="Network Files">
      <UniqueIdentifier>{26b7e261-1672-4311-b047-5cb251f9b5c0}</UniqueIdentifier>
    </Filter>
    <Filter Include="Network Files\Misc">
      <UniqueIdentifier>{b3ebbe52-2abf-4727-a78f-87b2c538232d}</UniqueIdentifier>
    </Filter>
    <Filter Include="Neuz Files">
      <UniqueIdentifier>{71cc5f6d-28e0-4da9-87e9-3d15d35dacac}</UniqueIdentifier>
    </Filter>
    <Filter Include="Neuz Files\DX">
      <UniqueIdentifier>{e72c9c86-5184-48a8-a692-283686426b8a}</UniqueIdentifier>
    </Filter>
    <Filter Include="Neuz Files\Cmn">
      <UniqueIdentifier>{9766e6d2-b0f4-4e5b-b1a5-ac0cf105059f}</UniqueIdentifier>
    </Filter>
    <Filter Include="ODBC Files">
      <UniqueIdentifier>{18e3a14e-f8ac-4fa1-8432-eca2648d569f}</UniqueIdentifier>
    </Filter>
    <Filter Include="Billing">
      <UniqueIdentifier>{c385081a-9aa0-4e4f-a8c4-dc4aa95a1d86}</UniqueIdentifier>
    </Filter>
    <Filter Include="__CommonDefine">
      <UniqueIdentifier>{2d840a57-5746-4432-a2ba-4e08f97190df}</UniqueIdentifier>
    </Filter>
    <Filter Include="__CommonDefine\Packet">
      <UniqueIdentifier>{55ae4187-04a8-4848-a206-5a6c82eec080}</UniqueIdentifier>
    </Filter>
    <Filter Include="__CommonDefine\Packet\Server Description">
      <UniqueIdentifier>{a96441f0-4daa-4477-bf4e-08026b0d7b83}</UniqueIdentifier>
    </Filter>
    <Filter Include="__CommonDefine\Util">
      <UniqueIdentifier>{7f252949-a6ec-496d-9b5e-89a4bd2ce47c}</UniqueIdentifier>
    </Filter>
    <Filter Include="__Common">
      <UniqueIdentifier>{97849e21-2782-48fa-bd70-e0b09faf5df7}</UniqueIdentifier>
    </Filter>
    <Filter Include="_Content">
      <UniqueIdentifier>{80d9fd3b-84af-4020-9d9a-be1cf0761632}</UniqueIdentifier>
    </Filter>
  </ItemGroup>
  <ItemGroup>
    <ClCompile Include="account.cpp">
      <Filter>Source Files</Filter>
    </ClCompile>
    <ClCompile Include="AccountServer.cpp">
      <Filter>Source Files</Filter>
    </ClCompile>
    <ClCompile Include="ConnectionIPCheck.cpp">
      <Filter>Source Files</Filter>
    </ClCompile>
    <ClCompile Include="dpdbsrvr.cpp">
      <Filter>Source Files</Filter>
    </ClCompile>
    <ClCompile Include="dpsrvr.cpp">
      <Filter>Source Files</Filter>
    </ClCompile>
    <ClCompile Include="FLASDBManager.cpp">
      <Filter>Source Files</Filter>
    </ClCompile>
    <ClCompile Include="StdAfx.cpp">
      <Filter>Source Files</Filter>
    </ClCompile>
    <ClCompile Include="..\_directx\dxutil.cpp">
      <Filter>Neuz Files\DX</Filter>
    </ClCompile>
    <ClCompile Include="..\_common\file.cpp">
      <Filter>Neuz Files\Cmn</Filter>
    </ClCompile>
    <ClCompile Include="..\_common\scanner.cpp">
      <Filter>Neuz Files\Cmn</Filter>
    </ClCompile>
    <ClCompile Include="..\_common\timer.cpp">
      <Filter>Neuz Files\Cmn</Filter>
    </ClCompile>
    <ClCompile Include="..\_common\vutil.cpp">
      <Filter>Neuz Files\Cmn</Filter>
    </ClCompile>
    <ClCompile Include="..\_common\xutil.cpp">
      <Filter>Neuz Files\Cmn</Filter>
    </ClCompile>
    <ClCompile Include="..\_Database\Query.cpp">
      <Filter>ODBC Files</Filter>
    </ClCompile>
    <ClCompile Include="dpadbill.cpp">
      <Filter>Billing</Filter>
    </ClCompile>
    <ClCompile Include="FLAdbillProtocol.cpp">
      <Filter>Billing</Filter>
    </ClCompile>
    <ClCompile Include="..\_CommonDefine\FLFileEncryption.cpp">
      <Filter>__CommonDefine</Filter>
    </ClCompile>
    <ClCompile Include="..\_CommonDefine\FLFlyffConfig.cpp">
      <Filter>__CommonDefine</Filter>
    </ClCompile>
    <ClCompile Include="..\_Common\FLGameTimer.cpp">
      <Filter>__CommonDefine</Filter>
    </ClCompile>
    <ClCompile Include="..\_Common\FLServerDescription.cpp">
      <Filter>__CommonDefine</Filter>
    </ClCompile>
    <ClCompile Include="..\_CommonDefine\FLTm.cpp">
      <Filter>__CommonDefine</Filter>
    </ClCompile>
    <ClCompile Include="..\_CommonDefine\Packet\FLPacket.cpp">
      <Filter>__CommonDefine\Packet</Filter>
    </ClCompile>
    <ClCompile Include="..\_CommonDefine\Packet\FLPacketServerDescription.cpp">
      <Filter>__CommonDefine\Packet\Server Description</Filter>
    </ClCompile>
    <ClCompile Include="..\_CommonDefine\UTIL\FLFileKeyGenerator.cpp">
      <Filter>__CommonDefine\Util</Filter>
    </ClCompile>
    <ClCompile Include="..\_CommonDefine\UTIL\FLKeyGenerator.cpp">
      <Filter>__CommonDefine\Util</Filter>
    </ClCompile>
    <ClCompile Include="..\_Common\FLContentSwitch.cpp">
      <Filter>__Common</Filter>
    </ClCompile>
    <ClCompile Include="..\_Common\FLShutdownRule.cpp">
      <Filter>__Common</Filter>
    </ClCompile>
  </ItemGroup>
  <ItemGroup>
    <ResourceCompile Include="AccountServer.rc">
      <Filter>Source Files</Filter>
    </ResourceCompile>
  </ItemGroup>
  <ItemGroup>
    <ClInclude Include="account.h">
      <Filter>Header Files</Filter>
    </ClInclude>
    <ClInclude Include="ConnectionIPCheck.h">
      <Filter>Header Files</Filter>
    </ClInclude>
    <ClInclude Include="dpdbsrvr.h">
      <Filter>Header Files</Filter>
    </ClInclude>
    <ClInclude Include="dpsrvr.h">
      <Filter>Header Files</Filter>
    </ClInclude>
    <ClInclude Include="FLASDBManager.h">
      <Filter>Header Files</Filter>
    </ClInclude>
    <ClInclude Include="resource.h">
      <Filter>Header Files</Filter>
    </ClInclude>
    <ClInclude Include="StdAfx.h">
      <Filter>Header Files</Filter>
    </ClInclude>
    <ClInclude Include="VersionCommon.h">
      <Filter>Header Files</Filter>
    </ClInclude>
    <ClInclude Include="..\_network\cmnhdr.h">
      <Filter>Network Files</Filter>
    </ClInclude>
    <ClInclude Include="..\_network\msghdr.h">
      <Filter>Network Files</Filter>
    </ClInclude>
    <ClInclude Include="..\_network\misc\include\misc.h">
      <Filter>Network Files\Misc</Filter>
    </ClInclude>
    <ClInclude Include="..\_Common\DefineCommon.h">
      <Filter>Neuz Files</Filter>
    </ClInclude>
    <ClInclude Include="..\_directx\dxutil.h">
      <Filter>Neuz Files\DX</Filter>
    </ClInclude>
    <ClInclude Include="..\_common\buyinginfo.h">
      <Filter>Neuz Files\Cmn</Filter>
    </ClInclude>
    <ClInclude Include="..\_common\data.h">
      <Filter>Neuz Files\Cmn</Filter>
    </ClInclude>
    <ClInclude Include="..\_common\file.h">
      <Filter>Neuz Files\Cmn</Filter>
    </ClInclude>
    <ClInclude Include="..\_common\scanner.h">
      <Filter>Neuz Files\Cmn</Filter>
    </ClInclude>
    <ClInclude Include="..\_common\timer.h">
      <Filter>Neuz Files\Cmn</Filter>
    </ClInclude>
    <ClInclude Include="..\_common\vutil.h">
      <Filter>Neuz Files\Cmn</Filter>
    </ClInclude>
    <ClInclude Include="..\_common\xutil.h">
      <Filter>Neuz Files\Cmn</Filter>
    </ClInclude>
    <ClInclude Include="..\_Database\Query.h">
      <Filter>ODBC Files</Filter>
    </ClInclude>
    <ClInclude Include="dpadbill.h">
      <Filter>Billing</Filter>
    </ClInclude>
    <ClInclude Include="FLAdbillProtocol.h">
      <Filter>Billing</Filter>
    </ClInclude>
    <ClInclude Include="..\_CommonDefine\FLCommonDumper.h">
      <Filter>__CommonDefine</Filter>
    </ClInclude>
    <ClInclude Include="..\_CommonDefine\FLCommonStruct.h">
      <Filter>__CommonDefine</Filter>
    </ClInclude>
    <ClInclude Include="..\_CommonDefine\FLFileEncryption.h">
      <Filter>__CommonDefine</Filter>
    </ClInclude>
    <ClInclude Include="..\_CommonDefine\FLFlyffConfig.h">
      <Filter>__CommonDefine</Filter>
    </ClInclude>
    <ClInclude Include="..\_Common\FLGameTimer.h">
      <Filter>__CommonDefine</Filter>
    </ClInclude>
    <ClInclude Include="..\_CommonDefine\FLPacketStruct.h">
      <Filter>__CommonDefine</Filter>
    </ClInclude>
    <ClInclude Include="..\_CommonDefine\FLReturnStateCode.h">
      <Filter>__CommonDefine</Filter>
    </ClInclude>
    <ClInclude Include="..\_Common\FLServerDescription.h">
      <Filter>__CommonDefine</Filter>
    </ClInclude>
    <ClInclude Include="..\_CommonDefine\FLTm.h">
      <Filter>__CommonDefine</Filter>
    </ClInclude>
    <ClInclude Include="..\_CommonDefine\FlyffCommonDefine.h">
      <Filter>__CommonDefine</Filter>
    </ClInclude>
    <ClInclude Include="..\_CommonDefine\Packet\FLPacket.h">
      <Filter>__CommonDefine\Packet</Filter>
    </ClInclude>
    <ClInclude Include="..\_CommonDefine\Packet\FLPacketAllDefine.h">
      <Filter>__CommonDefine\Packet</Filter>
    </ClInclude>
    <ClInclude Include="..\_CommonDefine\Packet\FLPacketServerDescription.h">
      <Filter>__CommonDefine\Packet\Server Description</Filter>
    </ClInclude>
    <ClInclude Include="..\_CommonDefine\UTIL\FLFileKeyGenerator.h">
      <Filter>__CommonDefine\Util</Filter>
    </ClInclude>
    <ClInclude Include="..\_CommonDefine\UTIL\FLKeyGenerator.h">
      <Filter>__CommonDefine\Util</Filter>
    </ClInclude>
    <ClInclude Include="..\_Common\FLContentSwitch.h">
      <Filter>__Common</Filter>
    </ClInclude>
    <ClInclude Include="..\_Common\FLShutdownRule.h">
      <Filter>__Common</Filter>
    </ClInclude>
  </ItemGroup>
  <ItemGroup>
    <Image Include="AccountServer.ico">
      <Filter>Resource Files</Filter>
    </Image>
    <Image Include="small.ico">
      <Filter>Resource Files</Filter>
    </Image>
  </ItemGroup>
  <ItemGroup>
    <None Include="AccountServer.ini">
      <Filter>Resource Files</Filter>
    </None>
  </ItemGroup>
</Project>