
Microsoft Visual Studio Solution File, Format Version 9.00
# Visual Studio 2005
Project("{8BC9CEB8-8B4A-11D0-8D11-00A0C91BC942}") = "Neuz", "Neuz80.vcproj", "{4C758B03-22AF-4006-ACCE-99B6681C0D38}"
EndProject
Global
	GlobalSection(SolutionConfigurationPlatforms) = preSolution
		Debug|Win32 = Debug|Win32
		NoGameguard|Win32 = NoGameguard|Win32
		Release|Win32 = Release|Win32
		XTrap_release|Win32 = XTrap_release|Win32
		XTrap|Win32 = XTrap|Win32
	EndGlobalSection
	GlobalSection(ProjectConfigurationPlatforms) = postSolution
		{4C758B03-22AF-4006-ACCE-99B6681C0D38}.Debug|Win32.ActiveCfg = Debug|Win32
		{4C758B03-22AF-4006-ACCE-99B6681C0D38}.Debug|Win32.Build.0 = Debug|Win32
		{4C758B03-22AF-4006-ACCE-99B6681C0D38}.NoGameguard|Win32.ActiveCfg = NoGameguard|Win32
		{4C758B03-22AF-4006-ACCE-99B6681C0D38}.NoGameguard|Win32.Build.0 = NoGameguard|Win32
		{4C758B03-22AF-4006-ACCE-99B6681C0D38}.Release|Win32.ActiveCfg = Release|Win32
		{4C758B03-22AF-4006-ACCE-99B6681C0D38}.Release|Win32.Build.0 = Release|Win32
		{4C758B03-22AF-4006-ACCE-99B6681C0D38}.XTrap_release|Win32.ActiveCfg = XTrap_release|Win32
		{4C758B03-22AF-4006-ACCE-99B6681C0D38}.XTrap_release|Win32.Build.0 = XTrap_release|Win32
		{4C758B03-22AF-4006-ACCE-99B6681C0D38}.XTrap|Win32.ActiveCfg = XTrap|Win32
		{4C758B03-22AF-4006-ACCE-99B6681C0D38}.XTrap|Win32.Build.0 = XTrap|Win32
	EndGlobalSection
	GlobalSection(SolutionProperties) = preSolution
		HideSolutionNode = FALSE
	EndGlobalSection
EndGlobal
