<?xml version="1.0" encoding="utf-8"?>
<Project ToolsVersion="4.0" xmlns="http://schemas.microsoft.com/developer/msbuild/2003">
  <ItemGroup>
    <Filter Include="Source Files">
      <UniqueIdentifier>{8ce03090-a064-48c0-ad74-b6b29f6297a6}</UniqueIdentifier>
      <Extensions>cpp;c;cxx;rc;def;r;odl;idl;hpj;bat</Extensions>
    </Filter>
    <Filter Include="Header Files">
      <UniqueIdentifier>{8a7ac3f7-c7c6-4ccd-befa-f9db1189c8c5}</UniqueIdentifier>
      <Extensions>h;hpp;hxx;hm;inl</Extensions>
    </Filter>
    <Filter Include="Resource Files">
      <UniqueIdentifier>{947a3fed-ac54-40b8-aeae-b1ed29db64e5}</UniqueIdentifier>
      <Extensions>ico;cur;bmp;dlg;rc2;rct;bin;rgs;gif;jpg;jpeg;jpe</Extensions>
    </Filter>
    <Filter Include="Network Files">
      <UniqueIdentifier>{832d5fe5-bd79-4b57-ab1d-9c9b75b7fe6b}</UniqueIdentifier>
    </Filter>
    <Filter Include="Network Files\Misc">
      <UniqueIdentifier>{92562181-ccdf-4431-8fe9-7a7b9d8cfc2f}</UniqueIdentifier>
    </Filter>
    <Filter Include="Neuz Files">
      <UniqueIdentifier>{da47f690-6497-4317-8687-c5094931e340}</UniqueIdentifier>
    </Filter>
    <Filter Include="Neuz Files\DirectX Files">
      <UniqueIdentifier>{e688143e-b90d-42d2-9274-2ac8cc3f57a1}</UniqueIdentifier>
    </Filter>
    <Filter Include="Neuz Files\Common Files">
      <UniqueIdentifier>{7def3496-a630-411c-856a-7d760bbac0f8}</UniqueIdentifier>
    </Filter>
    <Filter Include="Neuz Files\Common Files\Script">
      <UniqueIdentifier>{e097279c-4dc6-471f-aac7-b4c43811597a}</UniqueIdentifier>
    </Filter>
    <Filter Include="__CommonDefine">
      <UniqueIdentifier>{f641a0e5-2f76-4e4c-af5b-beb2b419702d}</UniqueIdentifier>
    </Filter>
  </ItemGroup>
  <ItemGroup>
    <ClCompile Include="DPCoreClient.cpp">
      <Filter>Source Files</Filter>
    </ClCompile>
    <ClCompile Include="DPDatabaseClient.cpp">
      <Filter>Source Files</Filter>
    </ClCompile>
    <ClCompile Include="DPLoginSrvr.cpp">
      <Filter>Source Files</Filter>
    </ClCompile>
    <ClCompile Include="LoginProtect.cpp">
      <Filter>Source Files</Filter>
    </ClCompile>
    <ClCompile Include="LoginServer.cpp">
      <Filter>Source Files</Filter>
    </ClCompile>
    <ClCompile Include="StdAfx.cpp">
      <Filter>Source Files</Filter>
    </ClCompile>
    <ClCompile Include="User.cpp">
      <Filter>Source Files</Filter>
    </ClCompile>
    <ClCompile Include="..\_DirectX\dxutil.cpp">
      <Filter>Neuz Files\DirectX Files</Filter>
    </ClCompile>
    <ClCompile Include="..\_Common\file.cpp">
      <Filter>Neuz Files\Common Files</Filter>
    </ClCompile>
    <ClCompile Include="..\_Common\timer.cpp">
      <Filter>Neuz Files\Common Files</Filter>
    </ClCompile>
    <ClCompile Include="..\_Common\vUtil.cpp">
      <Filter>Neuz Files\Common Files</Filter>
    </ClCompile>
    <ClCompile Include="..\_common\xutil.cpp">
      <Filter>Neuz Files\Common Files</Filter>
    </ClCompile>
    <ClCompile Include="..\_Common\scanner.cpp">
      <Filter>Neuz Files\Common Files\Script</Filter>
    </ClCompile>
    <ClCompile Include="..\_CommonDefine\FLFileEncryption.cpp">
      <Filter>__CommonDefine</Filter>
    </ClCompile>
    <ClCompile Include="..\_CommonDefine\FLFlyffConfig.cpp">
      <Filter>__CommonDefine</Filter>
    </ClCompile>
    <ClCompile Include="..\_Common\FLGameTimer.cpp">
      <Filter>__CommonDefine</Filter>
    </ClCompile>
    <ClCompile Include="..\_CommonDefine\FLTm.cpp">
      <Filter>__CommonDefine</Filter>
    </ClCompile>
    <ClCompile Include="..\_Common\FLXTrap_Server.cpp">
      <Filter>__CommonDefine</Filter>
    </ClCompile>
  </ItemGroup>
  <ItemGroup>
    <ResourceCompile Include="LoginServer.rc">
      <Filter>Source Files</Filter>
    </ResourceCompile>
  </ItemGroup>
  <ItemGroup>
    <ClInclude Include="DPCoreClient.h">
      <Filter>Header Files</Filter>
    </ClInclude>
    <ClInclude Include="DPDatabaseClient.h">
      <Filter>Header Files</Filter>
    </ClInclude>
    <ClInclude Include="DPLoginSrvr.h">
      <Filter>Header Files</Filter>
    </ClInclude>
    <ClInclude Include="LoginProtect.h">
      <Filter>Header Files</Filter>
    </ClInclude>
    <ClInclude Include="resource.h">
      <Filter>Header Files</Filter>
    </ClInclude>
    <ClInclude Include="StdAfx.h">
      <Filter>Header Files</Filter>
    </ClInclude>
    <ClInclude Include="User.h">
      <Filter>Header Files</Filter>
    </ClInclude>
    <ClInclude Include="VersionCommon.h">
      <Filter>Header Files</Filter>
    </ClInclude>
    <ClInclude Include="..\_network\CmnHdr.h">
      <Filter>Network Files</Filter>
    </ClInclude>
    <ClInclude Include="..\_network\MsgHdr.h">
      <Filter>Network Files</Filter>
    </ClInclude>
    <ClInclude Include="..\_network\misc\include\ObjMap.h">
      <Filter>Network Files\Misc</Filter>
    </ClInclude>
    <ClInclude Include="..\_Common\DefineCommon.h">
      <Filter>Neuz Files</Filter>
    </ClInclude>
    <ClInclude Include="..\_DirectX\dxutil.h">
      <Filter>Neuz Files\DirectX Files</Filter>
    </ClInclude>
    <ClInclude Include="..\_Common\data.h">
      <Filter>Neuz Files\Common Files</Filter>
    </ClInclude>
    <ClInclude Include="..\_Common\file.h">
      <Filter>Neuz Files\Common Files</Filter>
    </ClInclude>
    <ClInclude Include="..\_Common\timer.h">
      <Filter>Neuz Files\Common Files</Filter>
    </ClInclude>
    <ClInclude Include="..\_Common\vUtil.h">
      <Filter>Neuz Files\Common Files</Filter>
    </ClInclude>
    <ClInclude Include="..\_common\xutil.h">
      <Filter>Neuz Files\Common Files</Filter>
    </ClInclude>
    <ClInclude Include="..\_Common\scanner.h">
      <Filter>Neuz Files\Common Files\Script</Filter>
    </ClInclude>
    <ClInclude Include="..\_CommonDefine\FLCommonDumper.h">
      <Filter>__CommonDefine</Filter>
    </ClInclude>
    <ClInclude Include="..\_CommonDefine\FLFileEncryption.h">
      <Filter>__CommonDefine</Filter>
    </ClInclude>
    <ClInclude Include="..\_CommonDefine\FLFlyffConfig.h">
      <Filter>__CommonDefine</Filter>
    </ClInclude>
    <ClInclude Include="..\_Common\FLGameTimer.h">
      <Filter>__CommonDefine</Filter>
    </ClInclude>
    <ClInclude Include="..\_CommonDefine\FLPacketStruct.h">
      <Filter>__CommonDefine</Filter>
    </ClInclude>
    <ClInclude Include="..\_CommonDefine\FLReturnStateCode.h">
      <Filter>__CommonDefine</Filter>
    </ClInclude>
    <ClInclude Include="..\_CommonDefine\FLTm.h">
      <Filter>__CommonDefine</Filter>
    </ClInclude>
    <ClInclude Include="..\_Common\FLXTrap_Server.h">
      <Filter>__CommonDefine</Filter>
    </ClInclude>
    <ClInclude Include="..\_CommonDefine\FlyffCommonDefine.h">
      <Filter>__CommonDefine</Filter>
    </ClInclude>
  </ItemGroup>
  <ItemGroup>
    <Image Include="LoginServer.ico">
      <Filter>Resource Files</Filter>
    </Image>
    <Image Include="small.ico">
      <Filter>Resource Files</Filter>
    </Image>
  </ItemGroup>
  <ItemGroup>
    <None Include="LoginServer.ini">
      <Filter>Resource Files</Filter>
    </None>
  </ItemGroup>
</Project>